
Microsoft Visual Studio Solution File, Format Version 12.00
# Visual Studio Version 17
VisualStudioVersion = 17.0.31903.59
MinimumVisualStudioVersion = 10.0.40219.1
Project("{2150E333-8FDC-42A3-9474-1A3956D46DE8}") = "src", "src", "{50169EFC-27EC-4AC0-BCDF-59CD90800909}"
EndProject
Project("{FAE04EC0-301F-11D3-BF4B-00C04F79EFBC}") = "DSRRandomizer.Foundation", "src\DSRRandomizer.Foundation\DSRRandomizer.Foundation.csproj", "{3EA0B402-FEF4-4C42-98CC-FF0A13FF1D5D}"
EndProject
Project("{2150E333-8FDC-42A3-9474-1A3956D46DE8}") = "tests", "tests", "{224834C4-3549-405B-849B-96846E528EAD}"
EndProject
Project("{FAE04EC0-301F-11D3-BF4B-00C04F79EFBC}") = "DSRRandomizer.Foundation.Tests", "tests\DSRRandomizer.Foundation.Tests\DSRRandomizer.Foundation.Tests.csproj", "{4DE420AC-60F2-4EF7-BD42-DD0EFA76D88A}"
EndProject
Project("{FAE04EC0-301F-11D3-BF4B-00C04F79EFBC}") = "DSRRandomizer.Launcher", "src\DSRRandomizer.Launcher\DSRRandomizer.Launcher.csproj", "{14AFFC67-27C1-40A1-9DB9-81D83BF50566}"
EndProject
Project("{FAE04EC0-301F-11D3-BF4B-00C04F79EFBC}") = "DSRRandomizer.Launcher.Tests", "tests\DSRRandomizer.Launcher.Tests\DSRRandomizer.Launcher.Tests.csproj", "{E27223EA-1981-477D-9BE4-3FC03089734B}"
EndProject
Project("{FAE04EC0-301F-11D3-BF4B-00C04F79EFBC}") = "DSRRandomizer.RmmBridgeHost", "src\DSRRandomizer.RmmBridgeHost\DSRRandomizer.RmmBridgeHost.csproj", "{F27CEAE9-10D3-40DC-A2F7-A5725102F41E}"
EndProject
Project("{FAE04EC0-301F-11D3-BF4B-00C04F79EFBC}") = "DSRRandomizer.RmmBridgeHost.Tests", "tests\DSRRandomizer.RmmBridgeHost.Tests\DSRRandomizer.RmmBridgeHost.Tests.csproj", "{EA128941-5129-49C6-AF66-E1A5352598AC}"
EndProject
Global
	GlobalSection(SolutionConfigurationPlatforms) = preSolution
		Debug|Any CPU = Debug|Any CPU
		Release|Any CPU = Release|Any CPU
	EndGlobalSection
	GlobalSection(SolutionProperties) = preSolution
		HideSolutionNode = FALSE
	EndGlobalSection
	GlobalSection(ProjectConfigurationPlatforms) = postSolution
		{3EA0B402-FEF4-4C42-98CC-FF0A13FF1D5D}.Debug|Any CPU.ActiveCfg = Debug|Any CPU
		{3EA0B402-FEF4-4C42-98CC-FF0A13FF1D5D}.Debug|Any CPU.Build.0 = Debug|Any CPU
		{3EA0B402-FEF4-4C42-98CC-FF0A13FF1D5D}.Release|Any CPU.ActiveCfg = Release|Any CPU
		{3EA0B402-FEF4-4C42-98CC-FF0A13FF1D5D}.Release|Any CPU.Build.0 = Release|Any CPU
		{4DE420AC-60F2-4EF7-BD42-DD0EFA76D88A}.Debug|Any CPU.ActiveCfg = Debug|Any CPU
		{4DE420AC-60F2-4EF7-BD42-DD0EFA76D88A}.Debug|Any CPU.Build.0 = Debug|Any CPU
		{4DE420AC-60F2-4EF7-BD42-DD0EFA76D88A}.Release|Any CPU.ActiveCfg = Release|Any CPU
		{4DE420AC-60F2-4EF7-BD42-DD0EFA76D88A}.Release|Any CPU.Build.0 = Release|Any CPU
		{14AFFC67-27C1-40A1-9DB9-81D83BF50566}.Debug|Any CPU.ActiveCfg = Debug|Any CPU
		{14AFFC67-27C1-40A1-9DB9-81D83BF50566}.Debug|Any CPU.Build.0 = Debug|Any CPU
		{14AFFC67-27C1-40A1-9DB9-81D83BF50566}.Release|Any CPU.ActiveCfg = Release|Any CPU
		{14AFFC67-27C1-40A1-9DB9-81D83BF50566}.Release|Any CPU.Build.0 = Release|Any CPU
		{E27223EA-1981-477D-9BE4-3FC03089734B}.Debug|Any CPU.ActiveCfg = Debug|Any CPU
		{E27223EA-1981-477D-9BE4-3FC03089734B}.Debug|Any CPU.Build.0 = Debug|Any CPU
		{E27223EA-1981-477D-9BE4-3FC03089734B}.Release|Any CPU.ActiveCfg = Release|Any CPU
		{E27223EA-1981-477D-9BE4-3FC03089734B}.Release|Any CPU.Build.0 = Release|Any CPU
		{F27CEAE9-10D3-40DC-A2F7-A5725102F41E}.Debug|Any CPU.ActiveCfg = Debug|Any CPU
		{F27CEAE9-10D3-40DC-A2F7-A5725102F41E}.Debug|Any CPU.Build.0 = Debug|Any CPU
		{F27CEAE9-10D3-40DC-A2F7-A5725102F41E}.Release|Any CPU.ActiveCfg = Release|Any CPU
		{F27CEAE9-10D3-40DC-A2F7-A5725102F41E}.Release|Any CPU.Build.0 = Release|Any CPU
		{EA128941-5129-49C6-AF66-E1A5352598AC}.Debug|Any CPU.ActiveCfg = Debug|Any CPU
		{EA128941-5129-49C6-AF66-E1A5352598AC}.Debug|Any CPU.Build.0 = Debug|Any CPU
		{EA128941-5129-49C6-AF66-E1A5352598AC}.Release|Any CPU.ActiveCfg = Release|Any CPU
		{EA128941-5129-49C6-AF66-E1A5352598AC}.Release|Any CPU.Build.0 = Release|Any CPU
	EndGlobalSection
	GlobalSection(NestedProjects) = preSolution
		{3EA0B402-FEF4-4C42-98CC-FF0A13FF1D5D} = {50169EFC-27EC-4AC0-BCDF-59CD90800909}
		{4DE420AC-60F2-4EF7-BD42-DD0EFA76D88A} = {224834C4-3549-405B-849B-96846E528EAD}
		{14AFFC67-27C1-40A1-9DB9-81D83BF50566} = {50169EFC-27EC-4AC0-BCDF-59CD90800909}
		{E27223EA-1981-477D-9BE4-3FC03089734B} = {224834C4-3549-405B-849B-96846E528EAD}
		{F27CEAE9-10D3-40DC-A2F7-A5725102F41E} = {50169EFC-27EC-4AC0-BCDF-59CD90800909}
		{EA128941-5129-49C6-AF66-E1A5352598AC} = {224834C4-3549-405B-849B-96846E528EAD}
	EndGlobalSection
EndGlobal
